
Microsoft Visual Studio Solution File, Format Version 12.00
# Visual Studio Version 17
VisualStudioVersion = 17.5.33530.505
MinimumVisualStudioVersion = 10.0.40219.1
Project("{FAE04EC0-301F-11D3-BF4B-00C04F79EFBC}") = "TEMA_3_DZ_6_2_Library", "TEMA_3_DZ_6_2_Library\TEMA_3_DZ_6_2_Library.csproj", "{D59AAD72-9152-4D82-AA73-71A71BDA892E}"
EndProject
Global
	GlobalSection(SolutionConfigurationPlatforms) = preSolution
		Debug|Any CPU = Debug|Any CPU
		Release|Any CPU = Release|Any CPU
	EndGlobalSection
	GlobalSection(ProjectConfigurationPlatforms) = postSolution
		{D59AAD72-9152-4D82-AA73-71A71BDA892E}.Debug|Any CPU.ActiveCfg = Debug|Any CPU
		{D59AAD72-9152-4D82-AA73-71A71BDA892E}.Debug|Any CPU.Build.0 = Debug|Any CPU
		{D59AAD72-9152-4D82-AA73-71A71BDA892E}.Release|Any CPU.ActiveCfg = Release|Any CPU
		{D59AAD72-9152-4D82-AA73-71A71BDA892E}.Release|Any CPU.Build.0 = Release|Any CPU
	EndGlobalSection
	GlobalSection(SolutionProperties) = preSolution
		HideSolutionNode = FALSE
	EndGlobalSection
	GlobalSection(ExtensibilityGlobals) = postSolution
		SolutionGuid = {9D887CD6-2955-42B3-A508-6E41A7F42341}
	EndGlobalSection
EndGlobal
